
Microsoft Visual Studio Solution File, Format Version 12.00
# Visual Studio Version 16
VisualStudioVersion = 16.0.31112.23
MinimumVisualStudioVersion = 10.0.40219.1
Project("{FAE04EC0-301F-11D3-BF4B-00C04F79EFBC}") = "PasswordManager", "PasswordManager\PasswordManager.csproj", "{15A68FB5-E521-401A-928B-D2BC0D2CDB63}"
EndProject
Project("{FAE04EC0-301F-11D3-BF4B-00C04F79EFBC}") = "PasswordManager.BussinessLayer", "PasswordManager.BussinessLayer\PasswordManager.BussinessLayer.csproj", "{69C243D8-FA09-41E9-B79C-F9C26B5501B1}"
EndProject
Project("{FAE04EC0-301F-11D3-BF4B-00C04F79EFBC}") = "PasswordManager.DataAccess", "PasswordManager.DataAccess\PasswordManager.DataAccess.csproj", "{C9AE897F-9C34-40B6-9D29-02B42B35223A}"
EndProject
Global
	GlobalSection(SolutionConfigurationPlatforms) = preSolution
		Debug|Any CPU = Debug|Any CPU
		Release|Any CPU = Release|Any CPU
	EndGlobalSection
	GlobalSection(ProjectConfigurationPlatforms) = postSolution
		{15A68FB5-E521-401A-928B-D2BC0D2CDB63}.Debug|Any CPU.ActiveCfg = Debug|Any CPU
		{15A68FB5-E521-401A-928B-D2BC0D2CDB63}.Debug|Any CPU.Build.0 = Debug|Any CPU
		{15A68FB5-E521-401A-928B-D2BC0D2CDB63}.Release|Any CPU.ActiveCfg = Release|Any CPU
		{15A68FB5-E521-401A-928B-D2BC0D2CDB63}.Release|Any CPU.Build.0 = Release|Any CPU
		{69C243D8-FA09-41E9-B79C-F9C26B5501B1}.Debug|Any CPU.ActiveCfg = Debug|Any CPU
		{69C243D8-FA09-41E9-B79C-F9C26B5501B1}.Debug|Any CPU.Build.0 = Debug|Any CPU
		{69C243D8-FA09-41E9-B79C-F9C26B5501B1}.Release|Any CPU.ActiveCfg = Release|Any CPU
		{69C243D8-FA09-41E9-B79C-F9C26B5501B1}.Release|Any CPU.Build.0 = Release|Any CPU
		{C9AE897F-9C34-40B6-9D29-02B42B35223A}.Debug|Any CPU.ActiveCfg = Debug|Any CPU
		{C9AE897F-9C34-40B6-9D29-02B42B35223A}.Debug|Any CPU.Build.0 = Debug|Any CPU
		{C9AE897F-9C34-40B6-9D29-02B42B35223A}.Release|Any CPU.ActiveCfg = Release|Any CPU
		{C9AE897F-9C34-40B6-9D29-02B42B35223A}.Release|Any CPU.Build.0 = Release|Any CPU
	EndGlobalSection
	GlobalSection(SolutionProperties) = preSolution
		HideSolutionNode = FALSE
	EndGlobalSection
	GlobalSection(ExtensibilityGlobals) = postSolution
		SolutionGuid = {EA676F0B-42B1-4EFC-B549-0E54D6CDC7D9}
	EndGlobalSection
EndGlobal
